
Microsoft Visual Studio Solution File, Format Version 12.00
# Visual Studio Version 16
VisualStudioVersion = 16.0.28407.52
MinimumVisualStudioVersion = 10.0.40219.1
Project("{9A19103F-16F7-4668-BE54-9A1E7A4F7556}") = "HttpBasicAuth", "HttpBasicAuth\HttpBasicAuth.csproj", "{3A1C7E22-4E94-40AA-85C1-99A8CEF3596D}"
EndProject
Project("{9A19103F-16F7-4668-BE54-9A1E7A4F7556}") = "IdentityAuth", "IdentityAuth\IdentityAuth.csproj", "{F1A09208-2AA9-44B4-B698-C35DBDB604BE}"
EndProject
Project("{9A19103F-16F7-4668-BE54-9A1E7A4F7556}") = "JwtAuth", "JwtAuth\JwtAuth.csproj", "{4474CC8E-99E6-4404-8194-32F923C14112}"
EndProject
Project("{2150E333-8FDC-42A3-9474-1A3956D46DE8}") = "Solution Items", "Solution Items", "{D66D192C-DA13-4816-B5A7-EF09487F6EA4}"
EndProject
Project("{9A19103F-16F7-4668-BE54-9A1E7A4F7556}") = "AuthApiKey", "AuthApiKey\AuthApiKey.csproj", "{0F75AA86-E976-4F06-87F2-41F62E3BD025}"
EndProject
Global
	GlobalSection(SolutionConfigurationPlatforms) = preSolution
		Debug|Any CPU = Debug|Any CPU
		Release|Any CPU = Release|Any CPU
	EndGlobalSection
	GlobalSection(ProjectConfigurationPlatforms) = postSolution
		{3A1C7E22-4E94-40AA-85C1-99A8CEF3596D}.Debug|Any CPU.ActiveCfg = Debug|Any CPU
		{3A1C7E22-4E94-40AA-85C1-99A8CEF3596D}.Debug|Any CPU.Build.0 = Debug|Any CPU
		{3A1C7E22-4E94-40AA-85C1-99A8CEF3596D}.Release|Any CPU.ActiveCfg = Release|Any CPU
		{3A1C7E22-4E94-40AA-85C1-99A8CEF3596D}.Release|Any CPU.Build.0 = Release|Any CPU
		{F1A09208-2AA9-44B4-B698-C35DBDB604BE}.Debug|Any CPU.ActiveCfg = Debug|Any CPU
		{F1A09208-2AA9-44B4-B698-C35DBDB604BE}.Debug|Any CPU.Build.0 = Debug|Any CPU
		{F1A09208-2AA9-44B4-B698-C35DBDB604BE}.Release|Any CPU.ActiveCfg = Release|Any CPU
		{F1A09208-2AA9-44B4-B698-C35DBDB604BE}.Release|Any CPU.Build.0 = Release|Any CPU
		{4474CC8E-99E6-4404-8194-32F923C14112}.Debug|Any CPU.ActiveCfg = Debug|Any CPU
		{4474CC8E-99E6-4404-8194-32F923C14112}.Debug|Any CPU.Build.0 = Debug|Any CPU
		{4474CC8E-99E6-4404-8194-32F923C14112}.Release|Any CPU.ActiveCfg = Release|Any CPU
		{4474CC8E-99E6-4404-8194-32F923C14112}.Release|Any CPU.Build.0 = Release|Any CPU
		{0F75AA86-E976-4F06-87F2-41F62E3BD025}.Debug|Any CPU.ActiveCfg = Debug|Any CPU
		{0F75AA86-E976-4F06-87F2-41F62E3BD025}.Debug|Any CPU.Build.0 = Debug|Any CPU
		{0F75AA86-E976-4F06-87F2-41F62E3BD025}.Release|Any CPU.ActiveCfg = Release|Any CPU
		{0F75AA86-E976-4F06-87F2-41F62E3BD025}.Release|Any CPU.Build.0 = Release|Any CPU
	EndGlobalSection
	GlobalSection(SolutionProperties) = preSolution
		HideSolutionNode = FALSE
	EndGlobalSection
	GlobalSection(ExtensibilityGlobals) = postSolution
		SolutionGuid = {23638E29-ED6E-4B9C-88CC-EE6362DA1F43}
	EndGlobalSection
EndGlobal
